
Microsoft Visual Studio Solution File, Format Version 12.00
# Visual Studio 15
VisualStudioVersion = 15.0.28307.1800
MinimumVisualStudioVersion = 10.0.40219.1
Project("{FAE04EC0-301F-11D3-BF4B-00C04F79EFBC}") = "MultipleFilters", "MultipleFilters\MultipleFilters.csproj", "{CCA74896-86E5-428C-ADFE-FC5BBE5DE7BE}"
EndProject
Global
	GlobalSection(SolutionConfigurationPlatforms) = preSolution
		Debug|Any CPU = Debug|Any CPU
		Release|Any CPU = Release|Any CPU
	EndGlobalSection
	GlobalSection(ProjectConfigurationPlatforms) = postSolution
		{CCA74896-86E5-428C-ADFE-FC5BBE5DE7BE}.Debug|Any CPU.ActiveCfg = Debug|Any CPU
		{CCA74896-86E5-428C-ADFE-FC5BBE5DE7BE}.Debug|Any CPU.Build.0 = Debug|Any CPU
		{CCA74896-86E5-428C-ADFE-FC5BBE5DE7BE}.Release|Any CPU.ActiveCfg = Release|Any CPU
		{CCA74896-86E5-428C-ADFE-FC5BBE5DE7BE}.Release|Any CPU.Build.0 = Release|Any CPU
	EndGlobalSection
	GlobalSection(SolutionProperties) = preSolution
		HideSolutionNode = FALSE
	EndGlobalSection
	GlobalSection(ExtensibilityGlobals) = postSolution
		SolutionGuid = {60896342-DCF0-4642-BFC5-C52B888A738D}
	EndGlobalSection
EndGlobal
